
Microsoft Visual Studio Solution File, Format Version 12.00
# Visual Studio Version 17
VisualStudioVersion = 17.12.35521.163
MinimumVisualStudioVersion = 10.0.40219.1
Project("{FAE04EC0-301F-11D3-BF4B-00C04F79EFBC}") = "Blazor_Lab_Starter_WebApp", "Blazor_Lab_Starter_WebApp\Blazor_Lab_Starter_WebApp.csproj", "{462508DA-B3B9-410C-9482-FA201F15B8A3}"
EndProject
Project("{FAE04EC0-301F-11D3-BF4B-00C04F79EFBC}") = "LibraryService.Tests", "LibraryService.Tests\LibraryService.Tests.csproj", "{A85A5C98-8FDA-4F13-80CF-1F79761A3E1C}"
EndProject
Global
	GlobalSection(SolutionConfigurationPlatforms) = preSolution
		Debug|Any CPU = Debug|Any CPU
		Release|Any CPU = Release|Any CPU
	EndGlobalSection
	GlobalSection(ProjectConfigurationPlatforms) = postSolution
		{462508DA-B3B9-410C-9482-FA201F15B8A3}.Debug|Any CPU.ActiveCfg = Debug|Any CPU
		{462508DA-B3B9-410C-9482-FA201F15B8A3}.Debug|Any CPU.Build.0 = Debug|Any CPU
		{462508DA-B3B9-410C-9482-FA201F15B8A3}.Release|Any CPU.ActiveCfg = Release|Any CPU
		{462508DA-B3B9-410C-9482-FA201F15B8A3}.Release|Any CPU.Build.0 = Release|Any CPU
		{A85A5C98-8FDA-4F13-80CF-1F79761A3E1C}.Debug|Any CPU.ActiveCfg = Debug|Any CPU
		{A85A5C98-8FDA-4F13-80CF-1F79761A3E1C}.Debug|Any CPU.Build.0 = Debug|Any CPU
		{A85A5C98-8FDA-4F13-80CF-1F79761A3E1C}.Release|Any CPU.ActiveCfg = Release|Any CPU
		{A85A5C98-8FDA-4F13-80CF-1F79761A3E1C}.Release|Any CPU.Build.0 = Release|Any CPU
	EndGlobalSection
	GlobalSection(SolutionProperties) = preSolution
		HideSolutionNode = FALSE
	EndGlobalSection
EndGlobal
